
Microsoft Visual Studio Solution File, Format Version 12.00
# Visual Studio Version 17
VisualStudioVersion = 17.8.34330.188
MinimumVisualStudioVersion = 10.0.40219.1
Project("{9A19103F-16F7-4668-BE54-9A1E7A4F7556}") = "JsonApi", "JsonApi\JsonApi.csproj", "{8B33D9C6-3B86-4BA2-8449-C8F9568FC8F4}"
EndProject
Project("{FAE04EC0-301F-11D3-BF4B-00C04F79EFBC}") = "JsonApiTesting", "JsonApiTesting\JsonApiTesting.csproj", "{4A5A5606-C2B1-4663-84C8-470A3187708C}"
EndProject
Global
	GlobalSection(SolutionConfigurationPlatforms) = preSolution
		Debug|Any CPU = Debug|Any CPU
		Release|Any CPU = Release|Any CPU
	EndGlobalSection
	GlobalSection(ProjectConfigurationPlatforms) = postSolution
		{8B33D9C6-3B86-4BA2-8449-C8F9568FC8F4}.Debug|Any CPU.ActiveCfg = Debug|Any CPU
		{8B33D9C6-3B86-4BA2-8449-C8F9568FC8F4}.Debug|Any CPU.Build.0 = Debug|Any CPU
		{8B33D9C6-3B86-4BA2-8449-C8F9568FC8F4}.Release|Any CPU.ActiveCfg = Release|Any CPU
		{8B33D9C6-3B86-4BA2-8449-C8F9568FC8F4}.Release|Any CPU.Build.0 = Release|Any CPU
		{4A5A5606-C2B1-4663-84C8-470A3187708C}.Debug|Any CPU.ActiveCfg = Debug|Any CPU
		{4A5A5606-C2B1-4663-84C8-470A3187708C}.Debug|Any CPU.Build.0 = Debug|Any CPU
		{4A5A5606-C2B1-4663-84C8-470A3187708C}.Release|Any CPU.ActiveCfg = Release|Any CPU
		{4A5A5606-C2B1-4663-84C8-470A3187708C}.Release|Any CPU.Build.0 = Release|Any CPU
	EndGlobalSection
	GlobalSection(SolutionProperties) = preSolution
		HideSolutionNode = FALSE
	EndGlobalSection
	GlobalSection(ExtensibilityGlobals) = postSolution
		SolutionGuid = {59DCB899-30B2-4AD0-9314-EE8C0425D0FC}
	EndGlobalSection
EndGlobal
